
Microsoft Visual Studio Solution File, Format Version 12.00
# Visual Studio Version 17
VisualStudioVersion = 17.5.002.0
MinimumVisualStudioVersion = 10.0.40219.1
Project("{9A19103F-16F7-4668-BE54-9A1E7A4F7556}") = "ToDoApi", "ToDoApi.csproj", "{CFBAFA48-1BC6-41F0-99AB-A29E0921A650}"
EndProject
Global
	GlobalSection(SolutionConfigurationPlatforms) = preSolution
		Debug|Any CPU = Debug|Any CPU
		Release|Any CPU = Release|Any CPU
	EndGlobalSection
	GlobalSection(ProjectConfigurationPlatforms) = postSolution
		{CFBAFA48-1BC6-41F0-99AB-A29E0921A650}.Debug|Any CPU.ActiveCfg = Debug|Any CPU
		{CFBAFA48-1BC6-41F0-99AB-A29E0921A650}.Debug|Any CPU.Build.0 = Debug|Any CPU
		{CFBAFA48-1BC6-41F0-99AB-A29E0921A650}.Release|Any CPU.ActiveCfg = Release|Any CPU
		{CFBAFA48-1BC6-41F0-99AB-A29E0921A650}.Release|Any CPU.Build.0 = Release|Any CPU
	EndGlobalSection
	GlobalSection(SolutionProperties) = preSolution
		HideSolutionNode = FALSE
	EndGlobalSection
	GlobalSection(ExtensibilityGlobals) = postSolution
		SolutionGuid = {12C0E5D1-7E4C-4AC0-BB27-21680E6C8114}
	EndGlobalSection
EndGlobal
